
Microsoft Visual Studio Solution File, Format Version 12.00
# Visual Studio Version 17
VisualStudioVersion = 17.11.35327.3
MinimumVisualStudioVersion = 10.0.40219.1
Project("{8BC9CEB8-8B4A-11D0-8D11-00A0C91BC942}") = "clsString_Library_C++_OOP", "clsString_Library_C++_OOP\clsString_Library_C++_OOP.vcxproj", "{F24EDA56-DD4D-437D-B8A1-9ADB77DD0FC3}"
EndProject
Global
	GlobalSection(SolutionConfigurationPlatforms) = preSolution
		Debug|x64 = Debug|x64
		Debug|x86 = Debug|x86
		Release|x64 = Release|x64
		Release|x86 = Release|x86
	EndGlobalSection
	GlobalSection(ProjectConfigurationPlatforms) = postSolution
		{F24EDA56-DD4D-437D-B8A1-9ADB77DD0FC3}.Debug|x64.ActiveCfg = Debug|x64
		{F24EDA56-DD4D-437D-B8A1-9ADB77DD0FC3}.Debug|x64.Build.0 = Debug|x64
		{F24EDA56-DD4D-437D-B8A1-9ADB77DD0FC3}.Debug|x86.ActiveCfg = Debug|Win32
		{F24EDA56-DD4D-437D-B8A1-9ADB77DD0FC3}.Debug|x86.Build.0 = Debug|Win32
		{F24EDA56-DD4D-437D-B8A1-9ADB77DD0FC3}.Release|x64.ActiveCfg = Release|x64
		{F24EDA56-DD4D-437D-B8A1-9ADB77DD0FC3}.Release|x64.Build.0 = Release|x64
		{F24EDA56-DD4D-437D-B8A1-9ADB77DD0FC3}.Release|x86.ActiveCfg = Release|Win32
		{F24EDA56-DD4D-437D-B8A1-9ADB77DD0FC3}.Release|x86.Build.0 = Release|Win32
	EndGlobalSection
	GlobalSection(SolutionProperties) = preSolution
		HideSolutionNode = FALSE
	EndGlobalSection
	GlobalSection(ExtensibilityGlobals) = postSolution
		SolutionGuid = {D66C6FDF-97DB-4385-9816-04D8D881852F}
	EndGlobalSection
EndGlobal
